
Microsoft Visual Studio Solution File, Format Version 12.00
# Visual Studio Version 17
VisualStudioVersion = 17.4.33213.308
MinimumVisualStudioVersion = 10.0.40219.1
Project("{FAE04EC0-301F-11D3-BF4B-00C04F79EFBC}") = "10.conversión de temperaturas", "10.conversión de temperaturas.csproj", "{0096F97C-7316-45D4-9BCF-C6E0D5E39752}"
EndProject
Global
	GlobalSection(SolutionConfigurationPlatforms) = preSolution
		Debug|Any CPU = Debug|Any CPU
		Release|Any CPU = Release|Any CPU
	EndGlobalSection
	GlobalSection(ProjectConfigurationPlatforms) = postSolution
		{0096F97C-7316-45D4-9BCF-C6E0D5E39752}.Debug|Any CPU.ActiveCfg = Debug|Any CPU
		{0096F97C-7316-45D4-9BCF-C6E0D5E39752}.Debug|Any CPU.Build.0 = Debug|Any CPU
		{0096F97C-7316-45D4-9BCF-C6E0D5E39752}.Release|Any CPU.ActiveCfg = Release|Any CPU
		{0096F97C-7316-45D4-9BCF-C6E0D5E39752}.Release|Any CPU.Build.0 = Release|Any CPU
	EndGlobalSection
	GlobalSection(SolutionProperties) = preSolution
		HideSolutionNode = FALSE
	EndGlobalSection
	GlobalSection(ExtensibilityGlobals) = postSolution
		SolutionGuid = {3736F61E-BDFF-4849-8741-EC4A42DC58E7}
	EndGlobalSection
EndGlobal
